
Microsoft Visual Studio Solution File, Format Version 12.00
# Visual Studio Version 17
VisualStudioVersion = 17.10.34928.147
MinimumVisualStudioVersion = 10.0.40219.1
Project("{FAE04EC0-301F-11D3-BF4B-00C04F79EFBC}") = "Clicker Games", "Clicker Games.csproj", "{EB154E65-8E23-45B8-AD87-ADF26CF33ACD}"
EndProject
Global
	GlobalSection(SolutionConfigurationPlatforms) = preSolution
		Debug|Any CPU = Debug|Any CPU
		Release|Any CPU = Release|Any CPU
	EndGlobalSection
	GlobalSection(ProjectConfigurationPlatforms) = postSolution
		{EB154E65-8E23-45B8-AD87-ADF26CF33ACD}.Debug|Any CPU.ActiveCfg = Debug|Any CPU
		{EB154E65-8E23-45B8-AD87-ADF26CF33ACD}.Debug|Any CPU.Build.0 = Debug|Any CPU
		{EB154E65-8E23-45B8-AD87-ADF26CF33ACD}.Release|Any CPU.ActiveCfg = Release|Any CPU
		{EB154E65-8E23-45B8-AD87-ADF26CF33ACD}.Release|Any CPU.Build.0 = Release|Any CPU
	EndGlobalSection
	GlobalSection(SolutionProperties) = preSolution
		HideSolutionNode = FALSE
	EndGlobalSection
	GlobalSection(ExtensibilityGlobals) = postSolution
		SolutionGuid = {6915DC7C-A4BE-4870-A499-A56430B66467}
	EndGlobalSection
EndGlobal
